// !$*UTF8*$!
{
	archiveVersion = 1;
	classes = {
	};
	objectVersion = 50;
	objects = {

/* Begin PBXBuildFile section */
		9B0576D624DA464800254F79 /* Tests_iOS.swift in Sources */ = {isa = PBXBuildFile; fileRef = 9B0576D524DA464800254F79 /* Tests_iOS.swift */; };
		9B0576E124DA464800254F79 /* Tests_macOS.swift in Sources */ = {isa = PBXBuildFile; fileRef = 9B0576E024DA464800254F79 /* Tests_macOS.swift */; };
		9B0576E324DA464800254F79 /* WellsApp.swift in Sources */ = {isa = PBXBuildFile; fileRef = 9B0576BA24DA464700254F79 /* WellsApp.swift */; };
		9B0576E424DA464800254F79 /* WellsApp.swift in Sources */ = {isa = PBXBuildFile; fileRef = 9B0576BA24DA464700254F79 /* WellsApp.swift */; };
		9B0576E724DA464800254F79 /* Assets.xcassets in Resources */ = {isa = PBXBuildFile; fileRef = 9B0576BC24DA464800254F79 /* Assets.xcassets */; };
		9B0576E824DA464800254F79 /* Assets.xcassets in Resources */ = {isa = PBXBuildFile; fileRef = 9B0576BC24DA464800254F79 /* Assets.xcassets */; };
		9B0576FB24DA477E00254F79 /* TokenizedStrings.swift in Sources */ = {isa = PBXBuildFile; fileRef = 9B0576F924DA477E00254F79 /* TokenizedStrings.swift */; };
		9B0576FC24DA477E00254F79 /* TokenizedStrings.swift in Sources */ = {isa = PBXBuildFile; fileRef = 9B0576F924DA477E00254F79 /* TokenizedStrings.swift */; };
		9B0576FD24DA477E00254F79 /* Constants.swift in Sources */ = {isa = PBXBuildFile; fileRef = 9B0576FA24DA477E00254F79 /* Constants.swift */; };
		9B0576FE24DA477E00254F79 /* Constants.swift in Sources */ = {isa = PBXBuildFile; fileRef = 9B0576FA24DA477E00254F79 /* Constants.swift */; };
		9B05770024DA478F00254F79 /* ContentView.swift in Sources */ = {isa = PBXBuildFile; fileRef = 9B0576FF24DA478F00254F79 /* ContentView.swift */; };
		9B05770124DA478F00254F79 /* ContentView.swift in Sources */ = {isa = PBXBuildFile; fileRef = 9B0576FF24DA478F00254F79 /* ContentView.swift */; };
		9B05770324DA479A00254F79 /* EstimateModel.swift in Sources */ = {isa = PBXBuildFile; fileRef = 9B05770224DA479A00254F79 /* EstimateModel.swift */; };
		9B05770424DA479A00254F79 /* EstimateModel.swift in Sources */ = {isa = PBXBuildFile; fileRef = 9B05770224DA479A00254F79 /* EstimateModel.swift */; };
		9B990EDC24DDCC50005F9F5D /* NavigationModel.swift in Sources */ = {isa = PBXBuildFile; fileRef = 9B990EDB24DDCC50005F9F5D /* NavigationModel.swift */; };
		9B990EDD24DDCC50005F9F5D /* NavigationModel.swift in Sources */ = {isa = PBXBuildFile; fileRef = 9B990EDB24DDCC50005F9F5D /* NavigationModel.swift */; };
/* End PBXBuildFile section */

/* Begin PBXContainerItemProxy section */
		9B0576D224DA464800254F79 /* PBXContainerItemProxy */ = {
			isa = PBXContainerItemProxy;
			containerPortal = 9B0576B524DA464700254F79 /* Project object */;
			proxyType = 1;
			remoteGlobalIDString = 9B0576C024DA464800254F79;
			remoteInfo = "WellsApp (iOS)";
		};
		9B0576DD24DA464800254F79 /* PBXContainerItemProxy */ = {
			isa = PBXContainerItemProxy;
			containerPortal = 9B0576B524DA464700254F79 /* Project object */;
			proxyType = 1;
			remoteGlobalIDString = 9B0576C824DA464800254F79;
			remoteInfo = "WellsApp (macOS)";
		};
/* End PBXContainerItemProxy section */

/* Begin PBXFileReference section */
		9B0576BA24DA464700254F79 /* WellsApp.swift */ = {isa = PBXFileReference; lastKnownFileType = sourcecode.swift; path = WellsApp.swift; sourceTree = "<group>"; };
		9B0576BC24DA464800254F79 /* Assets.xcassets */ = {isa = PBXFileReference; lastKnownFileType = folder.assetcatalog; path = Assets.xcassets; sourceTree = "<group>"; };
		9B0576C124DA464800254F79 /* WellsPrintAndDigital.app */ = {isa = PBXFileReference; explicitFileType = wrapper.application; includeInIndex = 0; path = WellsPrintAndDigital.app; sourceTree = BUILT_PRODUCTS_DIR; };
		9B0576C424DA464800254F79 /* Info.plist */ = {isa = PBXFileReference; lastKnownFileType = text.plist.xml; path = Info.plist; sourceTree = "<group>"; };
		9B0576C924DA464800254F79 /* WellsPrintAndDigital.app */ = {isa = PBXFileReference; explicitFileType = wrapper.application; includeInIndex = 0; path = WellsPrintAndDigital.app; sourceTree = BUILT_PRODUCTS_DIR; };
		9B0576CB24DA464800254F79 /* Info.plist */ = {isa = PBXFileReference; lastKnownFileType = text.plist.xml; path = Info.plist; sourceTree = "<group>"; };
		9B0576CC24DA464800254F79 /* macOS.entitlements */ = {isa = PBXFileReference; lastKnownFileType = text.plist.entitlements; path = macOS.entitlements; sourceTree = "<group>"; };
		9B0576D124DA464800254F79 /* Tests iOS.xctest */ = {isa = PBXFileReference; explicitFileType = wrapper.cfbundle; includeInIndex = 0; path = "Tests iOS.xctest"; sourceTree = BUILT_PRODUCTS_DIR; };
		9B0576D524DA464800254F79 /* Tests_iOS.swift */ = {isa = PBXFileReference; lastKnownFileType = sourcecode.swift; path = Tests_iOS.swift; sourceTree = "<group>"; };
		9B0576D724DA464800254F79 /* Info.plist */ = {isa = PBXFileReference; lastKnownFileType = text.plist.xml; path = Info.plist; sourceTree = "<group>"; };
		9B0576DC24DA464800254F79 /* Tests macOS.xctest */ = {isa = PBXFileReference; explicitFileType = wrapper.cfbundle; includeInIndex = 0; path = "Tests macOS.xctest"; sourceTree = BUILT_PRODUCTS_DIR; };
		9B0576E024DA464800254F79 /* Tests_macOS.swift */ = {isa = PBXFileReference; lastKnownFileType = sourcecode.swift; path = Tests_macOS.swift; sourceTree = "<group>"; };
		9B0576E224DA464800254F79 /* Info.plist */ = {isa = PBXFileReference; lastKnownFileType = text.plist.xml; path = Info.plist; sourceTree = "<group>"; };
		9B0576F924DA477E00254F79 /* TokenizedStrings.swift */ = {isa = PBXFileReference; fileEncoding = 4; lastKnownFileType = sourcecode.swift; path = TokenizedStrings.swift; sourceTree = "<group>"; };
		9B0576FA24DA477E00254F79 /* Constants.swift */ = {isa = PBXFileReference; fileEncoding = 4; lastKnownFileType = sourcecode.swift; path = Constants.swift; sourceTree = "<group>"; };
		9B0576FF24DA478F00254F79 /* ContentView.swift */ = {isa = PBXFileReference; fileEncoding = 4; lastKnownFileType = sourcecode.swift; path = ContentView.swift; sourceTree = "<group>"; };
		9B05770224DA479A00254F79 /* EstimateModel.swift */ = {isa = PBXFileReference; fileEncoding = 4; lastKnownFileType = sourcecode.swift; path = EstimateModel.swift; sourceTree = "<group>"; };
		9B990EDB24DDCC50005F9F5D /* NavigationModel.swift */ = {isa = PBXFileReference; lastKnownFileType = sourcecode.swift; path = NavigationModel.swift; sourceTree = "<group>"; };
/* End PBXFileReference section */

/* Begin PBXFrameworksBuildPhase section */
		9B0576BE24DA464800254F79 /* Frameworks */ = {
			isa = PBXFrameworksBuildPhase;
			buildActionMask = 2147483647;
			files = (
			);
			runOnlyForDeploymentPostprocessing = 0;
		};
		9B0576C624DA464800254F79 /* Frameworks */ = {
			isa = PBXFrameworksBuildPhase;
			buildActionMask = 2147483647;
			files = (
			);
			runOnlyForDeploymentPostprocessing = 0;
		};
		9B0576CE24DA464800254F79 /* Frameworks */ = {
			isa = PBXFrameworksBuildPhase;
			buildActionMask = 2147483647;
			files = (
			);
			runOnlyForDeploymentPostprocessing = 0;
		};
		9B0576D924DA464800254F79 /* Frameworks */ = {
			isa = PBXFrameworksBuildPhase;
			buildActionMask = 2147483647;
			files = (
			);
			runOnlyForDeploymentPostprocessing = 0;
		};
/* End PBXFrameworksBuildPhase section */

/* Begin PBXGroup section */
		9B0576B424DA464700254F79 = {
			isa = PBXGroup;
			children = (
				9B0576B924DA464700254F79 /* Shared */,
				9B0576C324DA464800254F79 /* iOS */,
				9B0576CA24DA464800254F79 /* macOS */,
				9B0576D424DA464800254F79 /* Tests iOS */,
				9B0576DF24DA464800254F79 /* Tests macOS */,
				9B0576C224DA464800254F79 /* Products */,
			);
			sourceTree = "<group>";
		};
		9B0576B924DA464700254F79 /* Shared */ = {
			isa = PBXGroup;
			children = (
				9B0576FA24DA477E00254F79 /* Constants.swift */,
				9B0576FF24DA478F00254F79 /* ContentView.swift */,
				9B05770224DA479A00254F79 /* EstimateModel.swift */,
				9B0576F924DA477E00254F79 /* TokenizedStrings.swift */,
				9B990EDB24DDCC50005F9F5D /* NavigationModel.swift */,
				9B0576BA24DA464700254F79 /* WellsApp.swift */,
				9B0576BC24DA464800254F79 /* Assets.xcassets */,
			);
			path = Shared;
			sourceTree = "<group>";
		};
		9B0576C224DA464800254F79 /* Products */ = {
			isa = PBXGroup;
			children = (
				9B0576C124DA464800254F79 /* WellsPrintAndDigital.app */,
				9B0576C924DA464800254F79 /* WellsPrintAndDigital.app */,
				9B0576D124DA464800254F79 /* Tests iOS.xctest */,
				9B0576DC24DA464800254F79 /* Tests macOS.xctest */,
			);
			name = Products;
			sourceTree = "<group>";
		};
		9B0576C324DA464800254F79 /* iOS */ = {
			isa = PBXGroup;
			children = (
				9B0576C424DA464800254F79 /* Info.plist */,
			);
			path = iOS;
			sourceTree = "<group>";
		};
		9B0576CA24DA464800254F79 /* macOS */ = {
			isa = PBXGroup;
			children = (
				9B0576CB24DA464800254F79 /* Info.plist */,
				9B0576CC24DA464800254F79 /* macOS.entitlements */,
			);
			path = macOS;
			sourceTree = "<group>";
		};
		9B0576D424DA464800254F79 /* Tests iOS */ = {
			isa = PBXGroup;
			children = (
				9B0576D524DA464800254F79 /* Tests_iOS.swift */,
				9B0576D724DA464800254F79 /* Info.plist */,
			);
			path = "Tests iOS";
			sourceTree = "<group>";
		};
		9B0576DF24DA464800254F79 /* Tests macOS */ = {
			isa = PBXGroup;
			children = (
				9B0576E024DA464800254F79 /* Tests_macOS.swift */,
				9B0576E224DA464800254F79 /* Info.plist */,
			);
			path = "Tests macOS";
			sourceTree = "<group>";
		};
/* End PBXGroup section */

/* Begin PBXNativeTarget section */
		9B0576C024DA464800254F79 /* WellsPrintAndDigital (iOS) */ = {
			isa = PBXNativeTarget;
			buildConfigurationList = 9B0576EB24DA464800254F79 /* Build configuration list for PBXNativeTarget "WellsPrintAndDigital (iOS)" */;
			buildPhases = (
				9B0576BD24DA464800254F79 /* Sources */,
				9B0576BE24DA464800254F79 /* Frameworks */,
				9B0576BF24DA464800254F79 /* Resources */,
			);
			buildRules = (
			);
			dependencies = (
			);
			name = "WellsPrintAndDigital (iOS)";
			productName = "WellsApp (iOS)";
			productReference = 9B0576C124DA464800254F79 /* WellsPrintAndDigital.app */;
			productType = "com.apple.product-type.application";
		};
		9B0576C824DA464800254F79 /* WellsPrintAndDigital (macOS) */ = {
			isa = PBXNativeTarget;
			buildConfigurationList = 9B0576EE24DA464800254F79 /* Build configuration list for PBXNativeTarget "WellsPrintAndDigital (macOS)" */;
			buildPhases = (
				9B0576C524DA464800254F79 /* Sources */,
				9B0576C624DA464800254F79 /* Frameworks */,
				9B0576C724DA464800254F79 /* Resources */,
			);
			buildRules = (
			);
			dependencies = (
			);
			name = "WellsPrintAndDigital (macOS)";
			productName = "WellsApp (macOS)";
			productReference = 9B0576C924DA464800254F79 /* WellsPrintAndDigital.app */;
			productType = "com.apple.product-type.application";
		};
		9B0576D024DA464800254F79 /* Tests iOS */ = {
			isa = PBXNativeTarget;
			buildConfigurationList = 9B0576F124DA464800254F79 /* Build configuration list for PBXNativeTarget "Tests iOS" */;
			buildPhases = (
				9B0576CD24DA464800254F79 /* Sources */,
				9B0576CE24DA464800254F79 /* Frameworks */,
				9B0576CF24DA464800254F79 /* Resources */,
			);
			buildRules = (
			);
			dependencies = (
				9B0576D324DA464800254F79 /* PBXTargetDependency */,
			);
			name = "Tests iOS";
			productName = "Tests iOS";
			productReference = 9B0576D124DA464800254F79 /* Tests iOS.xctest */;
			productType = "com.apple.product-type.bundle.ui-testing";
		};
		9B0576DB24DA464800254F79 /* Tests macOS */ = {
			isa = PBXNativeTarget;
			buildConfigurationList = 9B0576F424DA464800254F79 /* Build configuration list for PBXNativeTarget "Tests macOS" */;
			buildPhases = (
				9B0576D824DA464800254F79 /* Sources */,
				9B0576D924DA464800254F79 /* Frameworks */,
				9B0576DA24DA464800254F79 /* Resources */,
			);
			buildRules = (
			);
			dependencies = (
				9B0576DE24DA464800254F79 /* PBXTargetDependency */,
			);
			name = "Tests macOS";
			productName = "Tests macOS";
			productReference = 9B0576DC24DA464800254F79 /* Tests macOS.xctest */;
			productType = "com.apple.product-type.bundle.ui-testing";
		};
/* End PBXNativeTarget section */

/* Begin PBXProject section */
		9B0576B524DA464700254F79 /* Project object */ = {
			isa = PBXProject;
			attributes = {
				LastSwiftUpdateCheck = 1200;
				LastUpgradeCheck = 1200;
				TargetAttributes = {
					9B0576C024DA464800254F79 = {
						CreatedOnToolsVersion = 12.0;
					};
					9B0576C824DA464800254F79 = {
						CreatedOnToolsVersion = 12.0;
					};
					9B0576D024DA464800254F79 = {
						CreatedOnToolsVersion = 12.0;
						TestTargetID = 9B0576C024DA464800254F79;
					};
					9B0576DB24DA464800254F79 = {
						CreatedOnToolsVersion = 12.0;
						TestTargetID = 9B0576C824DA464800254F79;
					};
				};
			};
			buildConfigurationList = 9B0576B824DA464700254F79 /* Build configuration list for PBXProject "WellsPrintAndDigital" */;
			compatibilityVersion = "Xcode 9.3";
			developmentRegion = en;
			hasScannedForEncodings = 0;
			knownRegions = (
				en,
				Base,
			);
			mainGroup = 9B0576B424DA464700254F79;
			productRefGroup = 9B0576C224DA464800254F79 /* Products */;
			projectDirPath = "";
			projectRoot = "";
			targets = (
				9B0576C024DA464800254F79 /* WellsPrintAndDigital (iOS) */,
				9B0576C824DA464800254F79 /* WellsPrintAndDigital (macOS) */,
				9B0576D024DA464800254F79 /* Tests iOS */,
				9B0576DB24DA464800254F79 /* Tests macOS */,
			);
		};
/* End PBXProject section */

/* Begin PBXResourcesBuildPhase section */
		9B0576BF24DA464800254F79 /* Resources */ = {
			isa = PBXResourcesBuildPhase;
			buildActionMask = 2147483647;
			files = (
				9B0576E724DA464800254F79 /* Assets.xcassets in Resources */,
			);
			runOnlyForDeploymentPostprocessing = 0;
		};
		9B0576C724DA464800254F79 /* Resources */ = {
			isa = PBXResourcesBuildPhase;
			buildActionMask = 2147483647;
			files = (
				9B0576E824DA464800254F79 /* Assets.xcassets in Resources */,
			);
			runOnlyForDeploymentPostprocessing = 0;
		};
		9B0576CF24DA464800254F79 /* Resources */ = {
			isa = PBXResourcesBuildPhase;
			buildActionMask = 2147483647;
			files = (
			);
			runOnlyForDeploymentPostprocessing = 0;
		};
		9B0576DA24DA464800254F79 /* Resources */ = {
			isa = PBXResourcesBuildPhase;
			buildActionMask = 2147483647;
			files = (
			);
			runOnlyForDeploymentPostprocessing = 0;
		};
/* End PBXResourcesBuildPhase section */

/* Begin PBXSourcesBuildPhase section */
		9B0576BD24DA464800254F79 /* Sources */ = {
			isa = PBXSourcesBuildPhase;
			buildActionMask = 2147483647;
			files = (
				9B05770024DA478F00254F79 /* ContentView.swift in Sources */,
				9B0576FB24DA477E00254F79 /* TokenizedStrings.swift in Sources */,
				9B0576E324DA464800254F79 /* WellsApp.swift in Sources */,
				9B0576FD24DA477E00254F79 /* Constants.swift in Sources */,
				9B05770324DA479A00254F79 /* EstimateModel.swift in Sources */,
				9B990EDC24DDCC50005F9F5D /* NavigationModel.swift in Sources */,
			);
			runOnlyForDeploymentPostprocessing = 0;
		};
		9B0576C524DA464800254F79 /* Sources */ = {
			isa = PBXSourcesBuildPhase;
			buildActionMask = 2147483647;
			files = (
				9B05770124DA478F00254F79 /* ContentView.swift in Sources */,
				9B0576FC24DA477E00254F79 /* TokenizedStrings.swift in Sources */,
				9B0576E424DA464800254F79 /* WellsApp.swift in Sources */,
				9B0576FE24DA477E00254F79 /* Constants.swift in Sources */,
				9B05770424DA479A00254F79 /* EstimateModel.swift in Sources */,
				9B990EDD24DDCC50005F9F5D /* NavigationModel.swift in Sources */,
			);
			runOnlyForDeploymentPostprocessing = 0;
		};
		9B0576CD24DA464800254F79 /* Sources */ = {
			isa = PBXSourcesBuildPhase;
			buildActionMask = 2147483647;
			files = (
				9B0576D624DA464800254F79 /* Tests_iOS.swift in Sources */,
			);
			runOnlyForDeploymentPostprocessing = 0;
		};
		9B0576D824DA464800254F79 /* Sources */ = {
			isa = PBXSourcesBuildPhase;
			buildActionMask = 2147483647;
			files = (
				9B0576E124DA464800254F79 /* Tests_macOS.swift in Sources */,
			);
			runOnlyForDeploymentPostprocessing = 0;
		};
/* End PBXSourcesBuildPhase section */

/* Begin PBXTargetDependency section */
		9B0576D324DA464800254F79 /* PBXTargetDependency */ = {
			isa = PBXTargetDependency;
			target = 9B0576C024DA464800254F79 /* WellsPrintAndDigital (iOS) */;
			targetProxy = 9B0576D224DA464800254F79 /* PBXContainerItemProxy */;
		};
		9B0576DE24DA464800254F79 /* PBXTargetDependency */ = {
			isa = PBXTargetDependency;
			target = 9B0576C824DA464800254F79 /* WellsPrintAndDigital (macOS) */;
			targetProxy = 9B0576DD24DA464800254F79 /* PBXContainerItemProxy */;
		};
/* End PBXTargetDependency section */

/* Begin XCBuildConfiguration section */
		9B0576E924DA464800254F79 /* Debug */ = {
			isa = XCBuildConfiguration;
			buildSettings = {
				ALWAYS_SEARCH_USER_PATHS = NO;
				CLANG_ANALYZER_NONNULL = YES;
				CLANG_ANALYZER_NUMBER_OBJECT_CONVERSION = YES_AGGRESSIVE;
				CLANG_CXX_LANGUAGE_STANDARD = "gnu++14";
				CLANG_CXX_LIBRARY = "libc++";
				CLANG_ENABLE_MODULES = YES;
				CLANG_ENABLE_OBJC_ARC = YES;
				CLANG_ENABLE_OBJC_WEAK = YES;
				CLANG_WARN_BLOCK_CAPTURE_AUTORELEASING = YES;
				CLANG_WARN_BOOL_CONVERSION = YES;
				CLANG_WARN_COMMA = YES;
				CLANG_WARN_CONSTANT_CONVERSION = YES;
				CLANG_WARN_DEPRECATED_OBJC_IMPLEMENTATIONS = YES;
				CLANG_WARN_DIRECT_OBJC_ISA_USAGE = YES_ERROR;
				CLANG_WARN_DOCUMENTATION_COMMENTS = YES;
				CLANG_WARN_EMPTY_BODY = YES;
				CLANG_WARN_ENUM_CONVERSION = YES;
				CLANG_WARN_INFINITE_RECURSION = YES;
				CLANG_WARN_INT_CONVERSION = YES;
				CLANG_WARN_NON_LITERAL_NULL_CONVERSION = YES;
				CLANG_WARN_OBJC_IMPLICIT_RETAIN_SELF = YES;
				CLANG_WARN_OBJC_LITERAL_CONVERSION = YES;
				CLANG_WARN_OBJC_ROOT_CLASS = YES_ERROR;
				CLANG_WARN_QUOTED_INCLUDE_IN_FRAMEWORK_HEADER = YES;
				CLANG_WARN_RANGE_LOOP_ANALYSIS = YES;
				CLANG_WARN_STRICT_PROTOTYPES = YES;
				CLANG_WARN_SUSPICIOUS_MOVE = YES;
				CLANG_WARN_UNGUARDED_AVAILABILITY = YES_AGGRESSIVE;
				CLANG_WARN_UNREACHABLE_CODE = YES;
				CLANG_WARN__DUPLICATE_METHOD_MATCH = YES;
				COPY_PHASE_STRIP = NO;
				DEBUG_INFORMATION_FORMAT = dwarf;
				ENABLE_STRICT_OBJC_MSGSEND = YES;
				ENABLE_TESTABILITY = YES;
				GCC_C_LANGUAGE_STANDARD = gnu11;
				GCC_DYNAMIC_NO_PIC = NO;
				GCC_NO_COMMON_BLOCKS = YES;
				GCC_OPTIMIZATION_LEVEL = 0;
				GCC_PREPROCESSOR_DEFINITIONS = (
					"DEBUG=1",
					"$(inherited)",
				);
				GCC_WARN_64_TO_32_BIT_CONVERSION = YES;
				GCC_WARN_ABOUT_RETURN_TYPE = YES_ERROR;
				GCC_WARN_UNDECLARED_SELECTOR = YES;
				GCC_WARN_UNINITIALIZED_AUTOS = YES_AGGRESSIVE;
				GCC_WARN_UNUSED_FUNCTION = YES;
				GCC_WARN_UNUSED_VARIABLE = YES;
				MTL_ENABLE_DEBUG_INFO = INCLUDE_SOURCE;
				MTL_FAST_MATH = YES;
				ONLY_ACTIVE_ARCH = YES;
				SWIFT_ACTIVE_COMPILATION_CONDITIONS = DEBUG;
				SWIFT_OPTIMIZATION_LEVEL = "-Onone";
			};
			name = Debug;
		};
		9B0576EA24DA464800254F79 /* Release */ = {
			isa = XCBuildConfiguration;
			buildSettings = {
				ALWAYS_SEARCH_USER_PATHS = NO;
				CLANG_ANALYZER_NONNULL = YES;
				CLANG_ANALYZER_NUMBER_OBJECT_CONVERSION = YES_AGGRESSIVE;
				CLANG_CXX_LANGUAGE_STANDARD = "gnu++14";
				CLANG_CXX_LIBRARY = "libc++";
				CLANG_ENABLE_MODULES = YES;
				CLANG_ENABLE_OBJC_ARC = YES;
				CLANG_ENABLE_OBJC_WEAK = YES;
				CLANG_WARN_BLOCK_CAPTURE_AUTORELEASING = YES;
				CLANG_WARN_BOOL_CONVERSION = YES;
				CLANG_WARN_COMMA = YES;
				CLANG_WARN_CONSTANT_CONVERSION = YES;
				CLANG_WARN_DEPRECATED_OBJC_IMPLEMENTATIONS = YES;
				CLANG_WARN_DIRECT_OBJC_ISA_USAGE = YES_ERROR;
				CLANG_WARN_DOCUMENTATION_COMMENTS = YES;
				CLANG_WARN_EMPTY_BODY = YES;
				CLANG_WARN_ENUM_CONVERSION = YES;
				CLANG_WARN_INFINITE_RECURSION = YES;
				CLANG_WARN_INT_CONVERSION = YES;
				CLANG_WARN_NON_LITERAL_NULL_CONVERSION = YES;
				CLANG_WARN_OBJC_IMPLICIT_RETAIN_SELF = YES;
				CLANG_WARN_OBJC_LITERAL_CONVERSION = YES;
				CLANG_WARN_OBJC_ROOT_CLASS = YES_ERROR;
				CLANG_WARN_QUOTED_INCLUDE_IN_FRAMEWORK_HEADER = YES;
				CLANG_WARN_RANGE_LOOP_ANALYSIS = YES;
				CLANG_WARN_STRICT_PROTOTYPES = YES;
				CLANG_WARN_SUSPICIOUS_MOVE = YES;
				CLANG_WARN_UNGUARDED_AVAILABILITY = YES_AGGRESSIVE;
				CLANG_WARN_UNREACHABLE_CODE = YES;
				CLANG_WARN__DUPLICATE_METHOD_MATCH = YES;
				COPY_PHASE_STRIP = NO;
				DEBUG_INFORMATION_FORMAT = "dwarf-with-dsym";
				ENABLE_NS_ASSERTIONS = NO;
				ENABLE_STRICT_OBJC_MSGSEND = YES;
				GCC_C_LANGUAGE_STANDARD = gnu11;
				GCC_NO_COMMON_BLOCKS = YES;
				GCC_WARN_64_TO_32_BIT_CONVERSION = YES;
				GCC_WARN_ABOUT_RETURN_TYPE = YES_ERROR;
				GCC_WARN_UNDECLARED_SELECTOR = YES;
				GCC_WARN_UNINITIALIZED_AUTOS = YES_AGGRESSIVE;
				GCC_WARN_UNUSED_FUNCTION = YES;
				GCC_WARN_UNUSED_VARIABLE = YES;
				MTL_ENABLE_DEBUG_INFO = NO;
				MTL_FAST_MATH = YES;
				SWIFT_COMPILATION_MODE = wholemodule;
				SWIFT_OPTIMIZATION_LEVEL = "-O";
			};
			name = Release;
		};
		9B0576EC24DA464800254F79 /* Debug */ = {
			isa = XCBuildConfiguration;
			buildSettings = {
				ASSETCATALOG_COMPILER_APPICON_NAME = AppIcon;
				ASSETCATALOG_COMPILER_GLOBAL_ACCENT_COLOR_NAME = AccentColor;
				CODE_SIGN_STYLE = Automatic;
				DEVELOPMENT_TEAM = B83GKBSQDR;
				ENABLE_PREVIEWS = YES;
				INFOPLIST_FILE = iOS/Info.plist;
				IPHONEOS_DEPLOYMENT_TARGET = 14.0;
				LD_RUNPATH_SEARCH_PATHS = (
					"$(inherited)",
					"@executable_path/Frameworks",
				);
				PRODUCT_BUNDLE_IDENTIFIER = com.stevenlamphear.WellsPrintAndDigital;
				PRODUCT_NAME = WellsPrintAndDigital;
				SDKROOT = iphoneos;
				SWIFT_VERSION = 5.0;
				TARGETED_DEVICE_FAMILY = "1,2";
			};
			name = Debug;
		};
		9B0576ED24DA464800254F79 /* Release */ = {
			isa = XCBuildConfiguration;
			buildSettings = {
				ASSETCATALOG_COMPILER_APPICON_NAME = AppIcon;
				ASSETCATALOG_COMPILER_GLOBAL_ACCENT_COLOR_NAME = AccentColor;
				CODE_SIGN_STYLE = Automatic;
				DEVELOPMENT_TEAM = B83GKBSQDR;
				ENABLE_PREVIEWS = YES;
				INFOPLIST_FILE = iOS/Info.plist;
				IPHONEOS_DEPLOYMENT_TARGET = 14.0;
				LD_RUNPATH_SEARCH_PATHS = (
					"$(inherited)",
					"@executable_path/Frameworks",
				);
				PRODUCT_BUNDLE_IDENTIFIER = com.stevenlamphear.WellsPrintAndDigital;
				PRODUCT_NAME = WellsPrintAndDigital;
				SDKROOT = iphoneos;
				SWIFT_VERSION = 5.0;
				TARGETED_DEVICE_FAMILY = "1,2";
				VALIDATE_PRODUCT = YES;
			};
			name = Release;
		};
		9B0576EF24DA464800254F79 /* Debug */ = {
			isa = XCBuildConfiguration;
			buildSettings = {
				ASSETCATALOG_COMPILER_APPICON_NAME = AppIcon;
				ASSETCATALOG_COMPILER_GLOBAL_ACCENT_COLOR_NAME = AccentColor;
				CODE_SIGN_ENTITLEMENTS = macOS/macOS.entitlements;
				CODE_SIGN_STYLE = Automatic;
				COMBINE_HIDPI_IMAGES = YES;
				DEVELOPMENT_TEAM = B83GKBSQDR;
				ENABLE_HARDENED_RUNTIME = YES;
				ENABLE_PREVIEWS = YES;
				INFOPLIST_FILE = macOS/Info.plist;
				LD_RUNPATH_SEARCH_PATHS = (
					"$(inherited)",
					"@executable_path/../Frameworks",
				);
				MACOSX_DEPLOYMENT_TARGET = 11.0;
				PRODUCT_BUNDLE_IDENTIFIER = com.stevenlamphear.WellsApp;
				PRODUCT_NAME = WellsPrintAndDigital;
				SDKROOT = macosx;
				SWIFT_VERSION = 5.0;
			};
			name = Debug;
		};
		9B0576F024DA464800254F79 /* Release */ = {
			isa = XCBuildConfiguration;
			buildSettings = {
				ASSETCATALOG_COMPILER_APPICON_NAME = AppIcon;
				ASSETCATALOG_COMPILER_GLOBAL_ACCENT_COLOR_NAME = AccentColor;
				CODE_SIGN_ENTITLEMENTS = macOS/macOS.entitlements;
				CODE_SIGN_STYLE = Automatic;
				COMBINE_HIDPI_IMAGES = YES;
				DEVELOPMENT_TEAM = B83GKBSQDR;
				ENABLE_HARDENED_RUNTIME = YES;
				ENABLE_PREVIEWS = YES;
				INFOPLIST_FILE = macOS/Info.plist;
				LD_RUNPATH_SEARCH_PATHS = (
					"$(inherited)",
					"@executable_path/../Frameworks",
				);
				MACOSX_DEPLOYMENT_TARGET = 11.0;
				PRODUCT_BUNDLE_IDENTIFIER = com.stevenlamphear.WellsApp;
				PRODUCT_NAME = WellsPrintAndDigital;
				SDKROOT = macosx;
				SWIFT_VERSION = 5.0;
			};
			name = Release;
		};
		9B0576F224DA464800254F79 /* Debug */ = {
			isa = XCBuildConfiguration;
			buildSettings = {
				ALWAYS_EMBED_SWIFT_STANDARD_LIBRARIES = YES;
				CODE_SIGN_STYLE = Automatic;
				DEVELOPMENT_TEAM = B83GKBSQDR;
				INFOPLIST_FILE = "Tests iOS/Info.plist";
				IPHONEOS_DEPLOYMENT_TARGET = 14.0;
				LD_RUNPATH_SEARCH_PATHS = (
					"$(inherited)",
					"@executable_path/Frameworks",
					"@loader_path/Frameworks",
				);
				PRODUCT_BUNDLE_IDENTIFIER = "com.stevenlamphear.Tests-iOS";
				PRODUCT_NAME = "$(TARGET_NAME)";
				SDKROOT = iphoneos;
				SWIFT_VERSION = 5.0;
				TARGETED_DEVICE_FAMILY = "1,2";
				TEST_TARGET_NAME = "WellsApp (iOS)";
			};
			name = Debug;
		};
		9B0576F324DA464800254F79 /* Release */ = {
			isa = XCBuildConfiguration;
			buildSettings = {
				ALWAYS_EMBED_SWIFT_STANDARD_LIBRARIES = YES;
				CODE_SIGN_STYLE = Automatic;
				DEVELOPMENT_TEAM = B83GKBSQDR;
				INFOPLIST_FILE = "Tests iOS/Info.plist";
				IPHONEOS_DEPLOYMENT_TARGET = 14.0;
				LD_RUNPATH_SEARCH_PATHS = (
					"$(inherited)",
					"@executable_path/Frameworks",
					"@loader_path/Frameworks",
				);
				PRODUCT_BUNDLE_IDENTIFIER = "com.stevenlamphear.Tests-iOS";
				PRODUCT_NAME = "$(TARGET_NAME)";
				SDKROOT = iphoneos;
				SWIFT_VERSION = 5.0;
				TARGETED_DEVICE_FAMILY = "1,2";
				TEST_TARGET_NAME = "WellsApp (iOS)";
				VALIDATE_PRODUCT = YES;
			};
			name = Release;
		};
		9B0576F524DA464800254F79 /* Debug */ = {
			isa = XCBuildConfiguration;
			buildSettings = {
				ALWAYS_EMBED_SWIFT_STANDARD_LIBRARIES = YES;
				CODE_SIGN_STYLE = Automatic;
				COMBINE_HIDPI_IMAGES = YES;
				DEVELOPMENT_TEAM = B83GKBSQDR;
				INFOPLIST_FILE = "Tests macOS/Info.plist";
				LD_RUNPATH_SEARCH_PATHS = (
					"$(inherited)",
					"@executable_path/../Frameworks",
					"@loader_path/../Frameworks",
				);
				MACOSX_DEPLOYMENT_TARGET = 10.15;
				PRODUCT_BUNDLE_IDENTIFIER = "com.stevenlamphear.Tests-macOS";
				PRODUCT_NAME = "$(TARGET_NAME)";
				SDKROOT = macosx;
				SWIFT_VERSION = 5.0;
				TEST_TARGET_NAME = "WellsApp (macOS)";
			};
			name = Debug;
		};
		9B0576F624DA464800254F79 /* Release */ = {
			isa = XCBuildConfiguration;
			buildSettings = {
				ALWAYS_EMBED_SWIFT_STANDARD_LIBRARIES = YES;
				CODE_SIGN_STYLE = Automatic;
				COMBINE_HIDPI_IMAGES = YES;
				DEVELOPMENT_TEAM = B83GKBSQDR;
				INFOPLIST_FILE = "Tests macOS/Info.plist";
				LD_RUNPATH_SEARCH_PATHS = (
					"$(inherited)",
					"@executable_path/../Frameworks",
					"@loader_path/../Frameworks",
				);
				MACOSX_DEPLOYMENT_TARGET = 10.15;
				PRODUCT_BUNDLE_IDENTIFIER = "com.stevenlamphear.Tests-macOS";
				PRODUCT_NAME = "$(TARGET_NAME)";
				SDKROOT = macosx;
				SWIFT_VERSION = 5.0;
				TEST_TARGET_NAME = "WellsApp (macOS)";
			};
			name = Release;
		};
/* End XCBuildConfiguration section */

/* Begin XCConfigurationList section */
		9B0576B824DA464700254F79 /* Build configuration list for PBXProject "WellsPrintAndDigital" */ = {
			isa = XCConfigurationList;
			buildConfigurations = (
				9B0576E924DA464800254F79 /* Debug */,
				9B0576EA24DA464800254F79 /* Release */,
			);
			defaultConfigurationIsVisible = 0;
			defaultConfigurationName = Release;
		};
		9B0576EB24DA464800254F79 /* Build configuration list for PBXNativeTarget "WellsPrintAndDigital (iOS)" */ = {
			isa = XCConfigurationList;
			buildConfigurations = (
				9B0576EC24DA464800254F79 /* Debug */,
				9B0576ED24DA464800254F79 /* Release */,
			);
			defaultConfigurationIsVisible = 0;
			defaultConfigurationName = Release;
		};
		9B0576EE24DA464800254F79 /* Build configuration list for PBXNativeTarget "WellsPrintAndDigital (macOS)" */ = {
			isa = XCConfigurationList;
			buildConfigurations = (
				9B0576EF24DA464800254F79 /* Debug */,
				9B0576F024DA464800254F79 /* Release */,
			);
			defaultConfigurationIsVisible = 0;
			defaultConfigurationName = Release;
		};
		9B0576F124DA464800254F79 /* Build configuration list for PBXNativeTarget "Tests iOS" */ = {
			isa = XCConfigurationList;
			buildConfigurations = (
				9B0576F224DA464800254F79 /* Debug */,
				9B0576F324DA464800254F79 /* Release */,
			);
			defaultConfigurationIsVisible = 0;
			defaultConfigurationName = Release;
		};
		9B0576F424DA464800254F79 /* Build configuration list for PBXNativeTarget "Tests macOS" */ = {
			isa = XCConfigurationList;
			buildConfigurations = (
				9B0576F524DA464800254F79 /* Debug */,
				9B0576F624DA464800254F79 /* Release */,
			);
			defaultConfigurationIsVisible = 0;
			defaultConfigurationName = Release;
		};
/* End XCConfigurationList section */
	};
	rootObject = 9B0576B524DA464700254F79 /* Project object */;
}
